
Microsoft Visual Studio Solution File, Format Version 12.00
# Visual Studio Version 17
VisualStudioVersion = 17.4.33110.190
MinimumVisualStudioVersion = 10.0.40219.1
Project("{9A19103F-16F7-4668-BE54-9A1E7A4F7556}") = "myhretro", "myhretro.csproj", "{78F63440-6EAA-4826-A5E8-EAE479960589}"
EndProject
Global
	GlobalSection(SolutionConfigurationPlatforms) = preSolution
		Debug|Any CPU = Debug|Any CPU
		Release|Any CPU = Release|Any CPU
	EndGlobalSection
	GlobalSection(ProjectConfigurationPlatforms) = postSolution
		{78F63440-6EAA-4826-A5E8-EAE479960589}.Debug|Any CPU.ActiveCfg = Debug|Any CPU
		{78F63440-6EAA-4826-A5E8-EAE479960589}.Debug|Any CPU.Build.0 = Debug|Any CPU
		{78F63440-6EAA-4826-A5E8-EAE479960589}.Release|Any CPU.ActiveCfg = Release|Any CPU
		{78F63440-6EAA-4826-A5E8-EAE479960589}.Release|Any CPU.Build.0 = Release|Any CPU
	EndGlobalSection
	GlobalSection(SolutionProperties) = preSolution
		HideSolutionNode = FALSE
	EndGlobalSection
	GlobalSection(ExtensibilityGlobals) = postSolution
		SolutionGuid = {04EE53F7-A278-4A8C-8EF1-1A8CED6E69A5}
	EndGlobalSection
EndGlobal
